
Microsoft Visual Studio Solution File, Format Version 12.00
# Visual Studio 15
VisualStudioVersion = 15.0.28307.645
MinimumVisualStudioVersion = 10.0.40219.1
Project("{FAE04EC0-301F-11D3-BF4B-00C04F79EFBC}") = "Enumeracao", "Enumeracao\Enumeracao.csproj", "{316719DA-7B1C-49B7-AA5A-7B8E934C1990}"
EndProject
Global
	GlobalSection(SolutionConfigurationPlatforms) = preSolution
		Debug|Any CPU = Debug|Any CPU
		Release|Any CPU = Release|Any CPU
	EndGlobalSection
	GlobalSection(ProjectConfigurationPlatforms) = postSolution
		{316719DA-7B1C-49B7-AA5A-7B8E934C1990}.Debug|Any CPU.ActiveCfg = Debug|Any CPU
		{316719DA-7B1C-49B7-AA5A-7B8E934C1990}.Debug|Any CPU.Build.0 = Debug|Any CPU
		{316719DA-7B1C-49B7-AA5A-7B8E934C1990}.Release|Any CPU.ActiveCfg = Release|Any CPU
		{316719DA-7B1C-49B7-AA5A-7B8E934C1990}.Release|Any CPU.Build.0 = Release|Any CPU
	EndGlobalSection
	GlobalSection(SolutionProperties) = preSolution
		HideSolutionNode = FALSE
	EndGlobalSection
	GlobalSection(ExtensibilityGlobals) = postSolution
		SolutionGuid = {AECABCC5-355F-4D31-A842-3FE2C7AC7DF9}
	EndGlobalSection
EndGlobal
