
Microsoft Visual Studio Solution File, Format Version 12.00
# Visual Studio 15
VisualStudioVersion = 15.0.28307.645
MinimumVisualStudioVersion = 10.0.40219.1
Project("{FAE04EC0-301F-11D3-BF4B-00C04F79EFBC}") = "ExercicioInterface", "ExercicioInterface\ExercicioInterface.csproj", "{AA51EE87-0747-40EC-A82E-AE091FB8A58D}"
EndProject
Global
	GlobalSection(SolutionConfigurationPlatforms) = preSolution
		Debug|Any CPU = Debug|Any CPU
		Release|Any CPU = Release|Any CPU
	EndGlobalSection
	GlobalSection(ProjectConfigurationPlatforms) = postSolution
		{AA51EE87-0747-40EC-A82E-AE091FB8A58D}.Debug|Any CPU.ActiveCfg = Debug|Any CPU
		{AA51EE87-0747-40EC-A82E-AE091FB8A58D}.Debug|Any CPU.Build.0 = Debug|Any CPU
		{AA51EE87-0747-40EC-A82E-AE091FB8A58D}.Release|Any CPU.ActiveCfg = Release|Any CPU
		{AA51EE87-0747-40EC-A82E-AE091FB8A58D}.Release|Any CPU.Build.0 = Release|Any CPU
	EndGlobalSection
	GlobalSection(SolutionProperties) = preSolution
		HideSolutionNode = FALSE
	EndGlobalSection
	GlobalSection(ExtensibilityGlobals) = postSolution
		SolutionGuid = {B544C59F-98BB-485B-9D3B-B0894D6C86BE}
	EndGlobalSection
EndGlobal
