
Microsoft Visual Studio Solution File, Format Version 12.00
# Visual Studio 15
VisualStudioVersion = 15.0.28307.645
MinimumVisualStudioVersion = 10.0.40219.1
Project("{FAE04EC0-301F-11D3-BF4B-00C04F79EFBC}") = "Interface", "Interface\Interface.csproj", "{686F8DDF-D87A-4935-9CB4-B6834146EB49}"
EndProject
Global
	GlobalSection(SolutionConfigurationPlatforms) = preSolution
		Debug|Any CPU = Debug|Any CPU
		Release|Any CPU = Release|Any CPU
	EndGlobalSection
	GlobalSection(ProjectConfigurationPlatforms) = postSolution
		{686F8DDF-D87A-4935-9CB4-B6834146EB49}.Debug|Any CPU.ActiveCfg = Debug|Any CPU
		{686F8DDF-D87A-4935-9CB4-B6834146EB49}.Debug|Any CPU.Build.0 = Debug|Any CPU
		{686F8DDF-D87A-4935-9CB4-B6834146EB49}.Release|Any CPU.ActiveCfg = Release|Any CPU
		{686F8DDF-D87A-4935-9CB4-B6834146EB49}.Release|Any CPU.Build.0 = Release|Any CPU
	EndGlobalSection
	GlobalSection(SolutionProperties) = preSolution
		HideSolutionNode = FALSE
	EndGlobalSection
	GlobalSection(ExtensibilityGlobals) = postSolution
		SolutionGuid = {7DE9BDBC-45B1-4A3F-B723-CA6636ACE68A}
	EndGlobalSection
EndGlobal
