
Microsoft Visual Studio Solution File, Format Version 12.00
# Visual Studio 15
VisualStudioVersion = 15.0.28307.645
MinimumVisualStudioVersion = 10.0.40219.1
Project("{FAE04EC0-301F-11D3-BF4B-00C04F79EFBC}") = "ExercicioResolvido08-07", "ExercicioResolvido08-07\ExercicioResolvido08-07.csproj", "{68251223-90A5-4E8C-8C86-39A0FAE4039B}"
EndProject
Global
	GlobalSection(SolutionConfigurationPlatforms) = preSolution
		Debug|Any CPU = Debug|Any CPU
		Release|Any CPU = Release|Any CPU
	EndGlobalSection
	GlobalSection(ProjectConfigurationPlatforms) = postSolution
		{68251223-90A5-4E8C-8C86-39A0FAE4039B}.Debug|Any CPU.ActiveCfg = Debug|Any CPU
		{68251223-90A5-4E8C-8C86-39A0FAE4039B}.Debug|Any CPU.Build.0 = Debug|Any CPU
		{68251223-90A5-4E8C-8C86-39A0FAE4039B}.Release|Any CPU.ActiveCfg = Release|Any CPU
		{68251223-90A5-4E8C-8C86-39A0FAE4039B}.Release|Any CPU.Build.0 = Release|Any CPU
	EndGlobalSection
	GlobalSection(SolutionProperties) = preSolution
		HideSolutionNode = FALSE
	EndGlobalSection
	GlobalSection(ExtensibilityGlobals) = postSolution
		SolutionGuid = {6A01BE2F-5E6D-44FE-85DE-1838CEBBB29C}
	EndGlobalSection
EndGlobal
